# generated by rye
# use `rye lock` or `rye sync` to update this lockfile
#
# last locked with the following flags:
#   pre: false
#   features: []
#   all-features: false
#   with-sources: false
#   generate-hashes: false
#   universal: false

-e file:.
aiosqlite==0.19.0
    # via audio-book-backend
annotated-types==0.7.0
    # via pydantic
anthropic==0.7.7
    # via audio-book-backend
anyio==3.7.1
    # via anthropic
    # via fastapi
    # via httpx
    # via openai
    # via starlette
azure-cognitiveservices-speech==1.34.0
    # via audio-book-backend
beautifulsoup4==4.12.2
    # via audio-book-backend
black==25.1.0
certifi==2025.8.3
    # via httpcore
    # via httpx
    # via requests
charset-normalizer==3.4.2
    # via requests
click==8.2.1
    # via black
    # via uvicorn
coverage==7.10.2
    # via pytest-cov
distro==1.9.0
    # via anthropic
    # via openai
ebooklib==0.18
    # via audio-book-backend
fastapi==0.104.1
    # via audio-book-backend
filelock==3.18.0
    # via huggingface-hub
flake8==7.3.0
fsspec==2025.7.0
    # via huggingface-hub
h11==0.16.0
    # via httpcore
    # via uvicorn
hf-xet==1.1.7
    # via huggingface-hub
httpcore==1.0.9
    # via httpx
httpx==0.25.2
    # via anthropic
    # via audio-book-backend
    # via openai
huggingface-hub==0.34.4
    # via tokenizers
idna==3.10
    # via anyio
    # via httpx
    # via requests
iniconfig==2.1.0
    # via pytest
isort==6.0.1
lxml==6.0.0
    # via ebooklib
mccabe==0.7.0
    # via flake8
mypy==1.17.1
mypy-extensions==1.1.0
    # via black
    # via mypy
openai==1.3.7
    # via audio-book-backend
packaging==25.0
    # via black
    # via huggingface-hub
    # via pytest
pathspec==0.12.1
    # via black
    # via mypy
platformdirs==4.3.8
    # via black
pluggy==1.6.0
    # via pytest
    # via pytest-cov
pycodestyle==2.14.0
    # via flake8
pydantic==2.5.0
    # via anthropic
    # via audio-book-backend
    # via fastapi
    # via openai
    # via pydantic-settings
pydantic-core==2.14.1
    # via pydantic
pydantic-settings==2.1.0
    # via audio-book-backend
pydub==0.25.1
    # via audio-book-backend
pyflakes==3.4.0
    # via flake8
pygments==2.19.2
    # via pytest
pytest==8.4.1
    # via pytest-asyncio
    # via pytest-cov
pytest-asyncio==1.1.0
pytest-cov==6.2.1
python-dotenv==1.0.0
    # via audio-book-backend
    # via pydantic-settings
python-multipart==0.0.6
    # via audio-book-backend
pyyaml==6.0.2
    # via huggingface-hub
requests==2.32.4
    # via huggingface-hub
six==1.17.0
    # via ebooklib
sniffio==1.3.1
    # via anthropic
    # via anyio
    # via httpx
    # via openai
soupsieve==2.7
    # via beautifulsoup4
sqlalchemy==2.0.23
    # via audio-book-backend
starlette==0.27.0
    # via fastapi
tokenizers==0.21.4
    # via anthropic
tqdm==4.67.1
    # via huggingface-hub
    # via openai
typing-extensions==4.14.1
    # via anthropic
    # via fastapi
    # via huggingface-hub
    # via mypy
    # via openai
    # via pydantic
    # via pydantic-core
    # via sqlalchemy
urllib3==2.5.0
    # via requests
uvicorn==0.24.0
    # via audio-book-backend
